
Microsoft Visual Studio Solution File, Format Version 12.00
# Visual Studio Version 16
VisualStudioVersion = 16.0.29230.47
MinimumVisualStudioVersion = 10.0.40219.1
Project("{FAE04EC0-301F-11D3-BF4B-00C04F79EFBC}") = "SimpleProcessing", "SimpleProcessing\SimpleProcessing.csproj", "{547F15D8-3B2B-411F-9988-1B93DCFB2031}"
EndProject
Project("{FAE04EC0-301F-11D3-BF4B-00C04F79EFBC}") = "ImageProcessor", "ImageProcessor\ImageProcessor.csproj", "{461F8992-01C3-4C11-B008-E93E0DE50DA1}"
EndProject
Project("{FAE04EC0-301F-11D3-BF4B-00C04F79EFBC}") = "ConsoleApp1", "ConsoleApp1\ConsoleApp1.csproj", "{1F64F258-D5AD-472F-83D3-031800BFF001}"
EndProject
Global
	GlobalSection(SolutionConfigurationPlatforms) = preSolution
		Debug|Any CPU = Debug|Any CPU
		Debug|x64 = Debug|x64
		Debug|x86 = Debug|x86
		Release|Any CPU = Release|Any CPU
		Release|x64 = Release|x64
		Release|x86 = Release|x86
	EndGlobalSection
	GlobalSection(ProjectConfigurationPlatforms) = postSolution
		{547F15D8-3B2B-411F-9988-1B93DCFB2031}.Debug|Any CPU.ActiveCfg = Debug|Any CPU
		{547F15D8-3B2B-411F-9988-1B93DCFB2031}.Debug|Any CPU.Build.0 = Debug|Any CPU
		{547F15D8-3B2B-411F-9988-1B93DCFB2031}.Debug|x64.ActiveCfg = Debug|Any CPU
		{547F15D8-3B2B-411F-9988-1B93DCFB2031}.Debug|x64.Build.0 = Debug|Any CPU
		{547F15D8-3B2B-411F-9988-1B93DCFB2031}.Debug|x86.ActiveCfg = Debug|Any CPU
		{547F15D8-3B2B-411F-9988-1B93DCFB2031}.Debug|x86.Build.0 = Debug|Any CPU
		{547F15D8-3B2B-411F-9988-1B93DCFB2031}.Release|Any CPU.ActiveCfg = Release|Any CPU
		{547F15D8-3B2B-411F-9988-1B93DCFB2031}.Release|Any CPU.Build.0 = Release|Any CPU
		{547F15D8-3B2B-411F-9988-1B93DCFB2031}.Release|x64.ActiveCfg = Release|Any CPU
		{547F15D8-3B2B-411F-9988-1B93DCFB2031}.Release|x64.Build.0 = Release|Any CPU
		{547F15D8-3B2B-411F-9988-1B93DCFB2031}.Release|x86.ActiveCfg = Release|Any CPU
		{547F15D8-3B2B-411F-9988-1B93DCFB2031}.Release|x86.Build.0 = Release|Any CPU
		{461F8992-01C3-4C11-B008-E93E0DE50DA1}.Debug|Any CPU.ActiveCfg = Debug|Any CPU
		{461F8992-01C3-4C11-B008-E93E0DE50DA1}.Debug|Any CPU.Build.0 = Debug|Any CPU
		{461F8992-01C3-4C11-B008-E93E0DE50DA1}.Debug|x64.ActiveCfg = Debug|Any CPU
		{461F8992-01C3-4C11-B008-E93E0DE50DA1}.Debug|x64.Build.0 = Debug|Any CPU
		{461F8992-01C3-4C11-B008-E93E0DE50DA1}.Debug|x86.ActiveCfg = Debug|Any CPU
		{461F8992-01C3-4C11-B008-E93E0DE50DA1}.Debug|x86.Build.0 = Debug|Any CPU
		{461F8992-01C3-4C11-B008-E93E0DE50DA1}.Release|Any CPU.ActiveCfg = Release|Any CPU
		{461F8992-01C3-4C11-B008-E93E0DE50DA1}.Release|Any CPU.Build.0 = Release|Any CPU
		{461F8992-01C3-4C11-B008-E93E0DE50DA1}.Release|x64.ActiveCfg = Release|Any CPU
		{461F8992-01C3-4C11-B008-E93E0DE50DA1}.Release|x64.Build.0 = Release|Any CPU
		{461F8992-01C3-4C11-B008-E93E0DE50DA1}.Release|x86.ActiveCfg = Release|Any CPU
		{461F8992-01C3-4C11-B008-E93E0DE50DA1}.Release|x86.Build.0 = Release|Any CPU
		{1F64F258-D5AD-472F-83D3-031800BFF001}.Debug|Any CPU.ActiveCfg = Debug|Any CPU
		{1F64F258-D5AD-472F-83D3-031800BFF001}.Debug|Any CPU.Build.0 = Debug|Any CPU
		{1F64F258-D5AD-472F-83D3-031800BFF001}.Debug|x64.ActiveCfg = Debug|Any CPU
		{1F64F258-D5AD-472F-83D3-031800BFF001}.Debug|x64.Build.0 = Debug|Any CPU
		{1F64F258-D5AD-472F-83D3-031800BFF001}.Debug|x86.ActiveCfg = Debug|Any CPU
		{1F64F258-D5AD-472F-83D3-031800BFF001}.Debug|x86.Build.0 = Debug|Any CPU
		{1F64F258-D5AD-472F-83D3-031800BFF001}.Release|Any CPU.ActiveCfg = Release|Any CPU
		{1F64F258-D5AD-472F-83D3-031800BFF001}.Release|Any CPU.Build.0 = Release|Any CPU
		{1F64F258-D5AD-472F-83D3-031800BFF001}.Release|x64.ActiveCfg = Release|Any CPU
		{1F64F258-D5AD-472F-83D3-031800BFF001}.Release|x64.Build.0 = Release|Any CPU
		{1F64F258-D5AD-472F-83D3-031800BFF001}.Release|x86.ActiveCfg = Release|Any CPU
		{1F64F258-D5AD-472F-83D3-031800BFF001}.Release|x86.Build.0 = Release|Any CPU
	EndGlobalSection
	GlobalSection(SolutionProperties) = preSolution
		HideSolutionNode = FALSE
	EndGlobalSection
	GlobalSection(ExtensibilityGlobals) = postSolution
		SolutionGuid = {269CB848-85AB-475E-9BD6-5007BAE1A6F8}
	EndGlobalSection
EndGlobal
